
Microsoft Visual Studio Solution File, Format Version 12.00
# Visual Studio Version 17
VisualStudioVersion = 17.8.34525.116
MinimumVisualStudioVersion = 10.0.40219.1
Project("{FAE04EC0-301F-11D3-BF4B-00C04F79EFBC}") = "PersonalFinanceTracker", "PersonalFinanceTracker\PersonalFinanceTracker.csproj", "{1B493453-2FCA-462F-8219-F3487DEB5C15}"
EndProject
Global
	GlobalSection(SolutionConfigurationPlatforms) = preSolution
		Debug|Any CPU = Debug|Any CPU
		Release|Any CPU = Release|Any CPU
	EndGlobalSection
	GlobalSection(ProjectConfigurationPlatforms) = postSolution
		{1B493453-2FCA-462F-8219-F3487DEB5C15}.Debug|Any CPU.ActiveCfg = Debug|Any CPU
		{1B493453-2FCA-462F-8219-F3487DEB5C15}.Debug|Any CPU.Build.0 = Debug|Any CPU
		{1B493453-2FCA-462F-8219-F3487DEB5C15}.Release|Any CPU.ActiveCfg = Release|Any CPU
		{1B493453-2FCA-462F-8219-F3487DEB5C15}.Release|Any CPU.Build.0 = Release|Any CPU
	EndGlobalSection
	GlobalSection(SolutionProperties) = preSolution
		HideSolutionNode = FALSE
	EndGlobalSection
	GlobalSection(ExtensibilityGlobals) = postSolution
		SolutionGuid = {F09E3FDA-8312-4041-B95E-BC9CA3B9841A}
	EndGlobalSection
EndGlobal
